# @generated by Move, please check-in and do not edit manually.

[move]
version = 3
manifest_digest = "1D75EB6B7F153EA4F1FDAA4D662CE1D882EBDEA19FF8D043D13BF84CF155FB1A"
deps_digest = "F8BBB0CCB2491CA29A3DF03D6F92277A4F3574266507ACD77214D37ECA3F3082"
dependencies = [
  { id = "One", name = "One" },
]

[[move.package]]
id = "MoveStdlib"
source = { git = "https://github.com/one-chain-labs/onechain.git", rev = "main", subdir = "crates/sui-framework/packages/move-stdlib" }

[[move.package]]
id = "One"
source = { git = "https://github.com/one-chain-labs/onechain.git", rev = "main", subdir = "crates/sui-framework/packages/one-framework" }

dependencies = [
  { id = "MoveStdlib", name = "MoveStdlib" },
]

[move.toolchain-version]
compiler-version = "1.0.1"
edition = "2024.beta"
flavor = "one"

[env]

[env.testnet]
chain-id = "1bd5c965"
original-published-id = "0xe80cbff7a5b3535c486399f3ec52b94952515626e3a784525269eeee8f3e35c8"
latest-published-id = "0xe80cbff7a5b3535c486399f3ec52b94952515626e3a784525269eeee8f3e35c8"
published-version = "1"
